<Solution>
  <Folder Name="/Libs/">
    <Project Path="libs/V12.Basic/V12.Basic.csproj" />
  </Folder>
  <Folder Name="/Shared/">
    <Project Path="Nova.SDK/Nova.SDK.csproj" Id="0e88a8fd-e1d3-4885-9cde-1eecc88e7b3b" />
    <Project Path="Nova.Shared/Nova.Shared.csproj" Id="66cfd839-6e9c-4728-8450-d8fa83cb093e" />
  </Folder>
  <Folder Name="/Solution Items/">
    <File Path="readme.md" />
  </Folder>
  <Folder Name="/V12TwoDog.2dog/" />
  <Project Path="V12.ConsumerApp/V12.ConsumerApp.csproj" />
  <Project Path="V12.SampleGame/V12.SampleGame.csproj" />
  <Project Path="V12TwoDog.2dog/V12TwoDog.csproj" />
  <Project Path="V12TwoDog.Godot/V12TwoDog.Godot.csproj" />
</Solution>
